{
  "name": "mutorere",
  "version": "0.0.1",
  "lockfileVersion": 2,
  "requires": true,
  "packages": {
    "": {
      "name": "mutorere",
      "version": "0.0.1",
      "license": "ISC",
      "dependencies": {
        "@dvo/chips": "^0.0.2",
        "@dvo/fc": "^0.0.4"
      }
    },
    "node_modules/@dvo/chips": {
      "version": "0.0.2",
      "resolved": "https://registry.npmjs.org/@dvo/chips/-/chips-0.0.2.tgz",
      "integrity": "sha512-EL5AvbM2kFfSwr7pZLdpyuGaya0Bp1/HDjAXkJ0u0pWGrbkonYz9qFX7PLFBu03MPBJRdwXkqzqeNiPEs/L7sA=="
    },
    "node_modules/@dvo/fc": {
      "version": "0.0.4",
      "resolved": "https://registry.npmjs.org/@dvo/fc/-/fc-0.0.4.tgz",
      "integrity": "sha512-kDGRJ+ER0m2lykxEYaNQJP9TDEY9UGp/ALgOZZ/oIOFT9dWIktXiECX1uSPAp10cUSq4kQwczyOsNpthifFDGQ=="
    }
  },
  "dependencies": {
    "@dvo/chips": {
      "version": "0.0.2",
      "resolved": "https://registry.npmjs.org/@dvo/chips/-/chips-0.0.2.tgz",
      "integrity": "sha512-EL5AvbM2kFfSwr7pZLdpyuGaya0Bp1/HDjAXkJ0u0pWGrbkonYz9qFX7PLFBu03MPBJRdwXkqzqeNiPEs/L7sA=="
    },
    "@dvo/fc": {
      "version": "0.0.4",
      "resolved": "https://registry.npmjs.org/@dvo/fc/-/fc-0.0.4.tgz",
      "integrity": "sha512-kDGRJ+ER0m2lykxEYaNQJP9TDEY9UGp/ALgOZZ/oIOFT9dWIktXiECX1uSPAp10cUSq4kQwczyOsNpthifFDGQ=="
    }
  }
}
